
Microsoft Visual Studio Solution File, Format Version 12.00
# Visual Studio Version 16
VisualStudioVersion = 16.0.29613.14
MinimumVisualStudioVersion = 10.0.40219.1
Project("{FAE04EC0-301F-11D3-BF4B-00C04F79EFBC}") = "Day8", "Day8\Day8.csproj", "{BC8C1D60-E80C-41C7-885C-36D8410AC0FE}"
EndProject
Global
	GlobalSection(SolutionConfigurationPlatforms) = preSolution
		Debug|Any CPU = Debug|Any CPU
		Release|Any CPU = Release|Any CPU
	EndGlobalSection
	GlobalSection(ProjectConfigurationPlatforms) = postSolution
		{BC8C1D60-E80C-41C7-885C-36D8410AC0FE}.Debug|Any CPU.ActiveCfg = Debug|Any CPU
		{BC8C1D60-E80C-41C7-885C-36D8410AC0FE}.Debug|Any CPU.Build.0 = Debug|Any CPU
		{BC8C1D60-E80C-41C7-885C-36D8410AC0FE}.Release|Any CPU.ActiveCfg = Release|Any CPU
		{BC8C1D60-E80C-41C7-885C-36D8410AC0FE}.Release|Any CPU.Build.0 = Release|Any CPU
	EndGlobalSection
	GlobalSection(SolutionProperties) = preSolution
		HideSolutionNode = FALSE
	EndGlobalSection
	GlobalSection(ExtensibilityGlobals) = postSolution
		SolutionGuid = {31D8BA08-04EB-47AB-9079-4EF7069574BE}
	EndGlobalSection
EndGlobal
